
Microsoft Visual Studio Solution File, Format Version 12.00
# Visual Studio Version 17
VisualStudioVersion = 17.0.31912.275
MinimumVisualStudioVersion = 10.0.40219.1
Project("{9A19103F-16F7-4668-BE54-9A1E7A4F7556}") = "TerrariaConnection", "TerrariaConnection.csproj", "{C99BCCF4-D0F8-4D37-A4B4-72B69BA291B5}"
EndProject
Global
	GlobalSection(SolutionConfigurationPlatforms) = preSolution
		Debug|Any CPU = Debug|Any CPU
		Release|Any CPU = Release|Any CPU
	EndGlobalSection
	GlobalSection(ProjectConfigurationPlatforms) = postSolution
		{C99BCCF4-D0F8-4D37-A4B4-72B69BA291B5}.Debug|Any CPU.ActiveCfg = Debug|Any CPU
		{C99BCCF4-D0F8-4D37-A4B4-72B69BA291B5}.Debug|Any CPU.Build.0 = Debug|Any CPU
		{C99BCCF4-D0F8-4D37-A4B4-72B69BA291B5}.Release|Any CPU.ActiveCfg = Release|Any CPU
		{C99BCCF4-D0F8-4D37-A4B4-72B69BA291B5}.Release|Any CPU.Build.0 = Release|Any CPU
	EndGlobalSection
	GlobalSection(SolutionProperties) = preSolution
		HideSolutionNode = FALSE
	EndGlobalSection
	GlobalSection(ExtensibilityGlobals) = postSolution
		SolutionGuid = {1B72F464-47FE-44FC-8294-0704966F5EB6}
	EndGlobalSection
EndGlobal
